<?xml version="1.0" encoding="utf-8"?>
<Project ToolsVersion="4.0" xmlns="http://schemas.microsoft.com/developer/msbuild/2003">
  <ItemGroup>
    <Filter Include="Source Files">
      <UniqueIdentifier>{98547717-cbb1-46c8-951b-8ec671c9289d}</UniqueIdentifier>
      <Extensions>cpp;c;cxx;rc;def;r;odl;idl;hpj;bat</Extensions>
    </Filter>
    <Filter Include="Header Files">
      <UniqueIdentifier>{9c2e2d3b-c7c2-411a-a39f-1a8b4250a014}</UniqueIdentifier>
      <Extensions>h;hpp;hxx;hm;inl</Extensions>
    </Filter>
    <Filter Include="Resource Files">
      <UniqueIdentifier>{bf355420-7de1-40ca-b61c-6d5dfcd2fad1}</UniqueIdentifier>
      <Extensions>ico;cur;bmp;dlg;rc2;rct;bin;rgs;gif;jpg;jpeg;jpe</Extensions>
    </Filter>
  </ItemGroup>
  <ItemGroup>
    <ClCompile Include="ArcUnit.cpp">
      <Filter>Source Files</Filter>
    </ClCompile>
    <ClCompile Include="BaseUnit.cpp">
      <Filter>Source Files</Filter>
    </ClCompile>
    <ClCompile Include="BitmapUnit.cpp">
      <Filter>Source Files</Filter>
    </ClCompile>
    <ClCompile Include="Combination.cpp">
      <Filter>Source Files</Filter>
    </ClCompile>
    <ClCompile Include="DisjointUnit.cpp">
      <Filter>Source Files</Filter>
    </ClCompile>
    <ClCompile Include="EllipseUnit.cpp">
      <Filter>Source Files</Filter>
    </ClCompile>
    <ClCompile Include="EraseUnit.cpp">
      <Filter>Source Files</Filter>
    </ClCompile>
    <ClCompile Include="LineUnit.cpp">
      <Filter>Source Files</Filter>
    </ClCompile>
    <ClCompile Include="PenBrushUnit.cpp">
      <Filter>Source Files</Filter>
    </ClCompile>
    <ClCompile Include="PolygonUnit.cpp">
      <Filter>Source Files</Filter>
    </ClCompile>
    <ClCompile Include="PolylineUnit.cpp">
      <Filter>Source Files</Filter>
    </ClCompile>
    <ClCompile Include="RectUnit.cpp">
      <Filter>Source Files</Filter>
    </ClCompile>
    <ClCompile Include="RgnObjUnit.cpp">
      <Filter>Source Files</Filter>
    </ClCompile>
    <ClCompile Include="RoundRectUnit.cpp">
      <Filter>Source Files</Filter>
    </ClCompile>
    <ClCompile Include="SCT Draw Activex.cpp">
      <Filter>Source Files</Filter>
    </ClCompile>
    <ClCompile Include="SCTDrawActivexCtl.cpp">
      <Filter>Source Files</Filter>
    </ClCompile>
    <ClCompile Include="SCTDrawActivexPpg.cpp">
      <Filter>Source Files</Filter>
    </ClCompile>
    <ClCompile Include="SectorUnit.cpp">
      <Filter>Source Files</Filter>
    </ClCompile>
    <ClCompile Include="SplitUnit.cpp">
      <Filter>Source Files</Filter>
    </ClCompile>
    <ClCompile Include="SprayBottleUnit.cpp">
      <Filter>Source Files</Filter>
    </ClCompile>
    <ClCompile Include="StdAfx.cpp">
      <Filter>Source Files</Filter>
    </ClCompile>
    <ClCompile Include="StylesDlg.cpp">
      <Filter>Source Files</Filter>
    </ClCompile>
    <ClCompile Include="TextUnit.cpp">
      <Filter>Source Files</Filter>
    </ClCompile>
    <ClCompile Include="Bspine.cpp">
      <Filter>Source Files</Filter>
    </ClCompile>
    <ClCompile Include="DigiMemoUnit.cpp">
      <Filter>Source Files</Filter>
    </ClCompile>
    <ClCompile Include="ManipulationEventsink.cpp">
      <Filter>Source Files</Filter>
    </ClCompile>
    <ClCompile Include="CoreObject.cpp">
      <Filter>Source Files</Filter>
    </ClCompile>
  </ItemGroup>
  <ItemGroup>
    <None Include="SCT Draw Activex.def">
      <Filter>Source Files</Filter>
    </None>
    <None Include="Change.cur">
      <Filter>Resource Files</Filter>
    </None>
    <None Include="cur00001.cur">
      <Filter>Resource Files</Filter>
    </None>
    <None Include="cur00002.cur">
      <Filter>Resource Files</Filter>
    </None>
    <None Include="cur00003.cur">
      <Filter>Resource Files</Filter>
    </None>
    <None Include="cursor1.cur">
      <Filter>Resource Files</Filter>
    </None>
    <None Include="Hand.cur">
      <Filter>Resource Files</Filter>
    </None>
    <None Include="Menu.cur">
      <Filter>Resource Files</Filter>
    </None>
    <None Include="Move.cur">
      <Filter>Resource Files</Filter>
    </None>
    <None Include="Pen.cur">
      <Filter>Resource Files</Filter>
    </None>
    <None Include="Play.cur">
      <Filter>Resource Files</Filter>
    </None>
    <None Include="Rotate.cur">
      <Filter>Resource Files</Filter>
    </None>
    <None Include="SCT LOGO.bmp">
      <Filter>Resource Files</Filter>
    </None>
    <None Include="SCTDrawActivexCtl.bmp">
      <Filter>Resource Files</Filter>
    </None>
    <None Include="SprayBottle.cur">
      <Filter>Resource Files</Filter>
    </None>
    <None Include="Stretch.cur">
      <Filter>Resource Files</Filter>
    </None>
    <None Include="ChangePoint.png" />
    <None Include="..\Menu.png" />
    <None Include="ObjKind.txt" />
    <None Include="Operations.txt" />
    <None Include="..\Play.png" />
    <None Include="ReadMe.txt" />
    <None Include="..\Rotate.png" />
    <None Include="..\Stretch.png" />
    <None Include="head.png" />
    <None Include="left.png" />
    <None Include="right.png" />
  </ItemGroup>
  <ItemGroup>
    <Midl Include="SCT Draw Activex.odl">
      <Filter>Source Files</Filter>
    </Midl>
  </ItemGroup>
  <ItemGroup>
    <ResourceCompile Include="SCT Draw Activex.rc">
      <Filter>Source Files</Filter>
    </ResourceCompile>
  </ItemGroup>
  <ItemGroup>
    <ClInclude Include="ArcUnit.h">
      <Filter>Header Files</Filter>
    </ClInclude>
    <ClInclude Include="BaseUnit.h">
      <Filter>Header Files</Filter>
    </ClInclude>
    <ClInclude Include="BitmapUnit.h">
      <Filter>Header Files</Filter>
    </ClInclude>
    <ClInclude Include="Combination.h">
      <Filter>Header Files</Filter>
    </ClInclude>
    <ClInclude Include="DisjointUnit.h">
      <Filter>Header Files</Filter>
    </ClInclude>
    <ClInclude Include="EllipseUnit.h">
      <Filter>Header Files</Filter>
    </ClInclude>
    <ClInclude Include="EraseUnit.h">
      <Filter>Header Files</Filter>
    </ClInclude>
    <ClInclude Include="Library.h">
      <Filter>Header Files</Filter>
    </ClInclude>
    <ClInclude Include="LineUnit.h">
      <Filter>Header Files</Filter>
    </ClInclude>
    <ClInclude Include="PenBrushUnit.h">
      <Filter>Header Files</Filter>
    </ClInclude>
    <ClInclude Include="PolygonUnit.h">
      <Filter>Header Files</Filter>
    </ClInclude>
    <ClInclude Include="PolylineUnit.h">
      <Filter>Header Files</Filter>
    </ClInclude>
    <ClInclude Include="RectUnit.h">
      <Filter>Header Files</Filter>
    </ClInclude>
    <ClInclude Include="Resource.h">
      <Filter>Header Files</Filter>
    </ClInclude>
    <ClInclude Include="RgnObjUnit.h">
      <Filter>Header Files</Filter>
    </ClInclude>
    <ClInclude Include="RoundRectUnit.h">
      <Filter>Header Files</Filter>
    </ClInclude>
    <ClInclude Include="SCT Draw Activex.h">
      <Filter>Header Files</Filter>
    </ClInclude>
    <ClInclude Include="SCTDrawActivexCtl.h">
      <Filter>Header Files</Filter>
    </ClInclude>
    <ClInclude Include="SCTDrawActivexPpg.h">
      <Filter>Header Files</Filter>
    </ClInclude>
    <ClInclude Include="SectorUnit.h">
      <Filter>Header Files</Filter>
    </ClInclude>
    <ClInclude Include="SplitUnit.h">
      <Filter>Header Files</Filter>
    </ClInclude>
    <ClInclude Include="SprayBottleUnit.h">
      <Filter>Header Files</Filter>
    </ClInclude>
    <ClInclude Include="StdAfx.h">
      <Filter>Header Files</Filter>
    </ClInclude>
    <ClInclude Include="StylesDlg.h">
      <Filter>Header Files</Filter>
    </ClInclude>
    <ClInclude Include="TextUnit.h">
      <Filter>Header Files</Filter>
    </ClInclude>
    <ClInclude Include="Bspine.h">
      <Filter>Header Files</Filter>
    </ClInclude>
    <ClInclude Include="DigiMemoUnit.h">
      <Filter>Header Files</Filter>
    </ClInclude>
    <ClInclude Include="ManipulationEventsink.h">
      <Filter>Header Files</Filter>
    </ClInclude>
    <ClInclude Include="CoreObject.h">
      <Filter>Header Files</Filter>
    </ClInclude>
  </ItemGroup>
  <ItemGroup>
    <Manifest Include="SCT Draw Activex.manifest" />
  </ItemGroup>
</Project>